
Microsoft Visual Studio Solution File, Format Version 12.00
Project("{FAE04EC0-301F-11D3-BF4B-00C04F79EFBC}") = "SelectToolRange", "SelectToolRange\SelectToolRange.csproj", "{E141DECD-7F06-4A3A-B8EB-EB56A3FC6206}"
EndProject
Project("{FAE04EC0-301F-11D3-BF4B-00C04F79EFBC}") = "QuickEat", "QuickEat\QuickEat.csproj", "{1C15A40E-B27C-4A84-9A8D-106A4CABDADC}"
EndProject
Global
	GlobalSection(SolutionConfigurationPlatforms) = preSolution
		Debug|Any CPU = Debug|Any CPU
		Release|Any CPU = Release|Any CPU
	EndGlobalSection
	GlobalSection(ProjectConfigurationPlatforms) = postSolution
		{E141DECD-7F06-4A3A-B8EB-EB56A3FC6206}.Debug|Any CPU.ActiveCfg = Debug|Any CPU
		{E141DECD-7F06-4A3A-B8EB-EB56A3FC6206}.Debug|Any CPU.Build.0 = Debug|Any CPU
		{E141DECD-7F06-4A3A-B8EB-EB56A3FC6206}.Release|Any CPU.ActiveCfg = Release|Any CPU
		{E141DECD-7F06-4A3A-B8EB-EB56A3FC6206}.Release|Any CPU.Build.0 = Release|Any CPU
		{1C15A40E-B27C-4A84-9A8D-106A4CABDADC}.Debug|Any CPU.ActiveCfg = Debug|Any CPU
		{1C15A40E-B27C-4A84-9A8D-106A4CABDADC}.Debug|Any CPU.Build.0 = Debug|Any CPU
		{1C15A40E-B27C-4A84-9A8D-106A4CABDADC}.Release|Any CPU.ActiveCfg = Release|Any CPU
		{1C15A40E-B27C-4A84-9A8D-106A4CABDADC}.Release|Any CPU.Build.0 = Release|Any CPU
	EndGlobalSection
EndGlobal
